// !$*UTF8*$!
{
	archiveVersion = 1;
	classes = {
	};
	objectVersion = 56;
	objects = {

/* Begin PBXBuildFile section */
		08DA076829FE59D90095A194 /* Follower.swift in Sources */ = {isa = PBXBuildFile; fileRef = 08DA076729FE59D90095A194 /* Follower.swift */; };
		08DA076A29FE59E70095A194 /* User.swift in Sources */ = {isa = PBXBuildFile; fileRef = 08DA076929FE59E70095A194 /* User.swift */; };
		08DA076D29FE5A470095A194 /* NetworkManager.swift in Sources */ = {isa = PBXBuildFile; fileRef = 08DA076C29FE5A470095A194 /* NetworkManager.swift */; };
		08DA077329FEAE420095A194 /* GFNetworkError.swift in Sources */ = {isa = PBXBuildFile; fileRef = 08DA077229FEAE420095A194 /* GFNetworkError.swift */; };
		08DA077929FEE42F0095A194 /* FollowerCellView.swift in Sources */ = {isa = PBXBuildFile; fileRef = 08DA077829FEE42F0095A194 /* FollowerCellView.swift */; };
		08F3584229F832F40058845D /* GHFlwrsSwiftUIApp.swift in Sources */ = {isa = PBXBuildFile; fileRef = 08F3584129F832F40058845D /* GHFlwrsSwiftUIApp.swift */; };
		08F3584429F832F40058845D /* TabBarView.swift in Sources */ = {isa = PBXBuildFile; fileRef = 08F3584329F832F40058845D /* TabBarView.swift */; };
		08F3584629F832F60058845D /* Assets.xcassets in Resources */ = {isa = PBXBuildFile; fileRef = 08F3584529F832F60058845D /* Assets.xcassets */; };
		08F3584929F832F60058845D /* Preview Assets.xcassets in Resources */ = {isa = PBXBuildFile; fileRef = 08F3584829F832F60058845D /* Preview Assets.xcassets */; };
		08F3585429F843340058845D /* SearchView.swift in Sources */ = {isa = PBXBuildFile; fileRef = 08F3585329F843340058845D /* SearchView.swift */; };
		08F3585829F843D60058845D /* FavoritesView.swift in Sources */ = {isa = PBXBuildFile; fileRef = 08F3585729F843D60058845D /* FavoritesView.swift */; };
		08F3585E29F92E330058845D /* GFButton.swift in Sources */ = {isa = PBXBuildFile; fileRef = 08F3585D29F92E330058845D /* GFButton.swift */; };
		08F3586229F934710058845D /* Color-SystemColors.swift in Sources */ = {isa = PBXBuildFile; fileRef = 08F3586129F934710058845D /* Color-SystemColors.swift */; };
		08F3586429F93B850058845D /* GFSearchField.swift in Sources */ = {isa = PBXBuildFile; fileRef = 08F3586329F93B850058845D /* GFSearchField.swift */; };
		08F3586829F982120058845D /* FollowersListView.swift in Sources */ = {isa = PBXBuildFile; fileRef = 08F3586729F982120058845D /* FollowersListView.swift */; };
		08F3587029F996B80058845D /* GFTextLabels.swift in Sources */ = {isa = PBXBuildFile; fileRef = 08F3586F29F996B80058845D /* GFTextLabels.swift */; };
		08F3587429F9AE9F0058845D /* GFAlertView.swift in Sources */ = {isa = PBXBuildFile; fileRef = 08F3587329F9AE9F0058845D /* GFAlertView.swift */; };
		08F3587629F9B75B0058845D /* UIView-ClearBackground.swift in Sources */ = {isa = PBXBuildFile; fileRef = 08F3587529F9B75B0058845D /* UIView-ClearBackground.swift */; };
/* End PBXBuildFile section */

/* Begin PBXFileReference section */
		08DA076729FE59D90095A194 /* Follower.swift */ = {isa = PBXFileReference; lastKnownFileType = sourcecode.swift; path = Follower.swift; sourceTree = "<group>"; };
		08DA076929FE59E70095A194 /* User.swift */ = {isa = PBXFileReference; lastKnownFileType = sourcecode.swift; path = User.swift; sourceTree = "<group>"; };
		08DA076C29FE5A470095A194 /* NetworkManager.swift */ = {isa = PBXFileReference; lastKnownFileType = sourcecode.swift; path = NetworkManager.swift; sourceTree = "<group>"; };
		08DA077229FEAE420095A194 /* GFNetworkError.swift */ = {isa = PBXFileReference; lastKnownFileType = sourcecode.swift; path = GFNetworkError.swift; sourceTree = "<group>"; };
		08DA077829FEE42F0095A194 /* FollowerCellView.swift */ = {isa = PBXFileReference; lastKnownFileType = sourcecode.swift; path = FollowerCellView.swift; sourceTree = "<group>"; };
		08F3583E29F832F40058845D /* GHFlwrs-SwiftUI.app */ = {isa = PBXFileReference; explicitFileType = wrapper.application; includeInIndex = 0; path = "GHFlwrs-SwiftUI.app"; sourceTree = BUILT_PRODUCTS_DIR; };
		08F3584129F832F40058845D /* GHFlwrsSwiftUIApp.swift */ = {isa = PBXFileReference; lastKnownFileType = sourcecode.swift; path = GHFlwrsSwiftUIApp.swift; sourceTree = "<group>"; };
		08F3584329F832F40058845D /* TabBarView.swift */ = {isa = PBXFileReference; lastKnownFileType = sourcecode.swift; path = TabBarView.swift; sourceTree = "<group>"; };
		08F3584529F832F60058845D /* Assets.xcassets */ = {isa = PBXFileReference; lastKnownFileType = folder.assetcatalog; path = Assets.xcassets; sourceTree = "<group>"; };
		08F3584829F832F60058845D /* Preview Assets.xcassets */ = {isa = PBXFileReference; lastKnownFileType = folder.assetcatalog; path = "Preview Assets.xcassets"; sourceTree = "<group>"; };
		08F3585329F843340058845D /* SearchView.swift */ = {isa = PBXFileReference; lastKnownFileType = sourcecode.swift; path = SearchView.swift; sourceTree = "<group>"; };
		08F3585729F843D60058845D /* FavoritesView.swift */ = {isa = PBXFileReference; lastKnownFileType = sourcecode.swift; path = FavoritesView.swift; sourceTree = "<group>"; };
		08F3585D29F92E330058845D /* GFButton.swift */ = {isa = PBXFileReference; lastKnownFileType = sourcecode.swift; path = GFButton.swift; sourceTree = "<group>"; };
		08F3586129F934710058845D /* Color-SystemColors.swift */ = {isa = PBXFileReference; lastKnownFileType = sourcecode.swift; path = "Color-SystemColors.swift"; sourceTree = "<group>"; };
		08F3586329F93B850058845D /* GFSearchField.swift */ = {isa = PBXFileReference; lastKnownFileType = sourcecode.swift; path = GFSearchField.swift; sourceTree = "<group>"; };
		08F3586729F982120058845D /* FollowersListView.swift */ = {isa = PBXFileReference; lastKnownFileType = sourcecode.swift; path = FollowersListView.swift; sourceTree = "<group>"; };
		08F3586F29F996B80058845D /* GFTextLabels.swift */ = {isa = PBXFileReference; lastKnownFileType = sourcecode.swift; path = GFTextLabels.swift; sourceTree = "<group>"; };
		08F3587329F9AE9F0058845D /* GFAlertView.swift */ = {isa = PBXFileReference; lastKnownFileType = sourcecode.swift; path = GFAlertView.swift; sourceTree = "<group>"; };
		08F3587529F9B75B0058845D /* UIView-ClearBackground.swift */ = {isa = PBXFileReference; lastKnownFileType = sourcecode.swift; path = "UIView-ClearBackground.swift"; sourceTree = "<group>"; };
/* End PBXFileReference section */

/* Begin PBXFrameworksBuildPhase section */
		08F3583B29F832F40058845D /* Frameworks */ = {
			isa = PBXFrameworksBuildPhase;
			buildActionMask = 2147483647;
			files = (
			);
			runOnlyForDeploymentPostprocessing = 0;
		};
/* End PBXFrameworksBuildPhase section */

/* Begin PBXGroup section */
		08DA076629FE59960095A194 /* Model */ = {
			isa = PBXGroup;
			children = (
				08DA076729FE59D90095A194 /* Follower.swift */,
				08DA076929FE59E70095A194 /* User.swift */,
			);
			path = Model;
			sourceTree = "<group>";
		};
		08DA076B29FE5A340095A194 /* Managers */ = {
			isa = PBXGroup;
			children = (
				08DA076C29FE5A470095A194 /* NetworkManager.swift */,
			);
			path = Managers;
			sourceTree = "<group>";
		};
		08DA077129FEAE2D0095A194 /* Utilities */ = {
			isa = PBXGroup;
			children = (
				08DA077229FEAE420095A194 /* GFNetworkError.swift */,
			);
			path = Utilities;
			sourceTree = "<group>";
		};
		08F3583529F832F40058845D = {
			isa = PBXGroup;
			children = (
				08F3584029F832F40058845D /* GHFlwrs-SwiftUI */,
				08F3583F29F832F40058845D /* Products */,
			);
			sourceTree = "<group>";
		};
		08F3583F29F832F40058845D /* Products */ = {
			isa = PBXGroup;
			children = (
				08F3583E29F832F40058845D /* GHFlwrs-SwiftUI.app */,
			);
			name = Products;
			sourceTree = "<group>";
		};
		08F3584029F832F40058845D /* GHFlwrs-SwiftUI */ = {
			isa = PBXGroup;
			children = (
				08DA077129FEAE2D0095A194 /* Utilities */,
				08DA076B29FE5A340095A194 /* Managers */,
				08DA076629FE59960095A194 /* Model */,
				08F3589A29FD05E30058845D /* Configuration */,
				08F3589729FD057D0058845D /* Screens */,
				08F3589829FD05900058845D /* Custom Views */,
				08F3589929FD05AB0058845D /* Extensions */,
				08F3584529F832F60058845D /* Assets.xcassets */,
				08F3584729F832F60058845D /* Preview Content */,
			);
			path = "GHFlwrs-SwiftUI";
			sourceTree = "<group>";
		};
		08F3584729F832F60058845D /* Preview Content */ = {
			isa = PBXGroup;
			children = (
				08F3584829F832F60058845D /* Preview Assets.xcassets */,
			);
			path = "Preview Content";
			sourceTree = "<group>";
		};
		08F3589729FD057D0058845D /* Screens */ = {
			isa = PBXGroup;
			children = (
				08F3585329F843340058845D /* SearchView.swift */,
				08F3586729F982120058845D /* FollowersListView.swift */,
				08F3585729F843D60058845D /* FavoritesView.swift */,
			);
			path = Screens;
			sourceTree = "<group>";
		};
		08F3589829FD05900058845D /* Custom Views */ = {
			isa = PBXGroup;
			children = (
				08F3585D29F92E330058845D /* GFButton.swift */,
				08F3586329F93B850058845D /* GFSearchField.swift */,
				08F3587329F9AE9F0058845D /* GFAlertView.swift */,
				08F3586F29F996B80058845D /* GFTextLabels.swift */,
				08DA077829FEE42F0095A194 /* FollowerCellView.swift */,
			);
			path = "Custom Views";
			sourceTree = "<group>";
		};
		08F3589929FD05AB0058845D /* Extensions */ = {
			isa = PBXGroup;
			children = (
				08F3586129F934710058845D /* Color-SystemColors.swift */,
				08F3587529F9B75B0058845D /* UIView-ClearBackground.swift */,
			);
			path = Extensions;
			sourceTree = "<group>";
		};
		08F3589A29FD05E30058845D /* Configuration */ = {
			isa = PBXGroup;
			children = (
				08F3584129F832F40058845D /* GHFlwrsSwiftUIApp.swift */,
				08F3584329F832F40058845D /* TabBarView.swift */,
			);
			path = Configuration;
			sourceTree = "<group>";
		};
/* End PBXGroup section */

/* Begin PBXNativeTarget section */
		08F3583D29F832F40058845D /* GHFlwrs-SwiftUI */ = {
			isa = PBXNativeTarget;
			buildConfigurationList = 08F3584C29F832F60058845D /* Build configuration list for PBXNativeTarget "GHFlwrs-SwiftUI" */;
			buildPhases = (
				08F3583A29F832F40058845D /* Sources */,
				08F3583B29F832F40058845D /* Frameworks */,
				08F3583C29F832F40058845D /* Resources */,
				08F3585129F8424F0058845D /* SwiftLint */,
			);
			buildRules = (
			);
			dependencies = (
			);
			name = "GHFlwrs-SwiftUI";
			productName = "GHFlwrs-SwiftUI";
			productReference = 08F3583E29F832F40058845D /* GHFlwrs-SwiftUI.app */;
			productType = "com.apple.product-type.application";
		};
/* End PBXNativeTarget section */

/* Begin PBXProject section */
		08F3583629F832F40058845D /* Project object */ = {
			isa = PBXProject;
			attributes = {
				BuildIndependentTargetsInParallel = 1;
				LastSwiftUpdateCheck = 1430;
				LastUpgradeCheck = 1430;
				TargetAttributes = {
					08F3583D29F832F40058845D = {
						CreatedOnToolsVersion = 14.3;
					};
				};
			};
			buildConfigurationList = 08F3583929F832F40058845D /* Build configuration list for PBXProject "GHFlwrs-SwiftUI" */;
			compatibilityVersion = "Xcode 14.0";
			developmentRegion = en;
			hasScannedForEncodings = 0;
			knownRegions = (
				en,
				Base,
			);
			mainGroup = 08F3583529F832F40058845D;
			productRefGroup = 08F3583F29F832F40058845D /* Products */;
			projectDirPath = "";
			projectRoot = "";
			targets = (
				08F3583D29F832F40058845D /* GHFlwrs-SwiftUI */,
			);
		};
/* End PBXProject section */

/* Begin PBXResourcesBuildPhase section */
		08F3583C29F832F40058845D /* Resources */ = {
			isa = PBXResourcesBuildPhase;
			buildActionMask = 2147483647;
			files = (
				08F3584929F832F60058845D /* Preview Assets.xcassets in Resources */,
				08F3584629F832F60058845D /* Assets.xcassets in Resources */,
			);
			runOnlyForDeploymentPostprocessing = 0;
		};
/* End PBXResourcesBuildPhase section */

/* Begin PBXShellScriptBuildPhase section */
		08F3585129F8424F0058845D /* SwiftLint */ = {
			isa = PBXShellScriptBuildPhase;
			alwaysOutOfDate = 1;
			buildActionMask = 2147483647;
			files = (
			);
			inputFileListPaths = (
			);
			inputPaths = (
			);
			name = SwiftLint;
			outputFileListPaths = (
			);
			outputPaths = (
			);
			runOnlyForDeploymentPostprocessing = 0;
			shellPath = /bin/sh;
			shellScript = "if which swiftlint > /dev/null; then\n  swiftlint\nelse\n  echo \"warning: SwiftLint not installed, download from https://github.com/realm/SwiftLint\"\nfi\n";
		};
/* End PBXShellScriptBuildPhase section */

/* Begin PBXSourcesBuildPhase section */
		08F3583A29F832F40058845D /* Sources */ = {
			isa = PBXSourcesBuildPhase;
			buildActionMask = 2147483647;
			files = (
				08DA076A29FE59E70095A194 /* User.swift in Sources */,
				08F3587429F9AE9F0058845D /* GFAlertView.swift in Sources */,
				08F3585829F843D60058845D /* FavoritesView.swift in Sources */,
				08F3586429F93B850058845D /* GFSearchField.swift in Sources */,
				08F3584429F832F40058845D /* TabBarView.swift in Sources */,
				08F3587029F996B80058845D /* GFTextLabels.swift in Sources */,
				08DA077929FEE42F0095A194 /* FollowerCellView.swift in Sources */,
				08F3586229F934710058845D /* Color-SystemColors.swift in Sources */,
				08F3585E29F92E330058845D /* GFButton.swift in Sources */,
				08DA077329FEAE420095A194 /* GFNetworkError.swift in Sources */,
				08DA076829FE59D90095A194 /* Follower.swift in Sources */,
				08F3585429F843340058845D /* SearchView.swift in Sources */,
				08DA076D29FE5A470095A194 /* NetworkManager.swift in Sources */,
				08F3587629F9B75B0058845D /* UIView-ClearBackground.swift in Sources */,
				08F3586829F982120058845D /* FollowersListView.swift in Sources */,
				08F3584229F832F40058845D /* GHFlwrsSwiftUIApp.swift in Sources */,
			);
			runOnlyForDeploymentPostprocessing = 0;
		};
/* End PBXSourcesBuildPhase section */

/* Begin XCBuildConfiguration section */
		08F3584A29F832F60058845D /* Debug */ = {
			isa = XCBuildConfiguration;
			buildSettings = {
				ALWAYS_SEARCH_USER_PATHS = NO;
				CLANG_ANALYZER_NONNULL = YES;
				CLANG_ANALYZER_NUMBER_OBJECT_CONVERSION = YES_AGGRESSIVE;
				CLANG_CXX_LANGUAGE_STANDARD = "gnu++20";
				CLANG_ENABLE_MODULES = YES;
				CLANG_ENABLE_OBJC_ARC = YES;
				CLANG_ENABLE_OBJC_WEAK = YES;
				CLANG_WARN_BLOCK_CAPTURE_AUTORELEASING = YES;
				CLANG_WARN_BOOL_CONVERSION = YES;
				CLANG_WARN_COMMA = YES;
				CLANG_WARN_CONSTANT_CONVERSION = YES;
				CLANG_WARN_DEPRECATED_OBJC_IMPLEMENTATIONS = YES;
				CLANG_WARN_DIRECT_OBJC_ISA_USAGE = YES_ERROR;
				CLANG_WARN_DOCUMENTATION_COMMENTS = YES;
				CLANG_WARN_EMPTY_BODY = YES;
				CLANG_WARN_ENUM_CONVERSION = YES;
				CLANG_WARN_INFINITE_RECURSION = YES;
				CLANG_WARN_INT_CONVERSION = YES;
				CLANG_WARN_NON_LITERAL_NULL_CONVERSION = YES;
				CLANG_WARN_OBJC_IMPLICIT_RETAIN_SELF = YES;
				CLANG_WARN_OBJC_LITERAL_CONVERSION = YES;
				CLANG_WARN_OBJC_ROOT_CLASS = YES_ERROR;
				CLANG_WARN_QUOTED_INCLUDE_IN_FRAMEWORK_HEADER = YES;
				CLANG_WARN_RANGE_LOOP_ANALYSIS = YES;
				CLANG_WARN_STRICT_PROTOTYPES = YES;
				CLANG_WARN_SUSPICIOUS_MOVE = YES;
				CLANG_WARN_UNGUARDED_AVAILABILITY = YES_AGGRESSIVE;
				CLANG_WARN_UNREACHABLE_CODE = YES;
				CLANG_WARN__DUPLICATE_METHOD_MATCH = YES;
				COPY_PHASE_STRIP = NO;
				DEBUG_INFORMATION_FORMAT = dwarf;
				ENABLE_STRICT_OBJC_MSGSEND = YES;
				ENABLE_TESTABILITY = YES;
				GCC_C_LANGUAGE_STANDARD = gnu11;
				GCC_DYNAMIC_NO_PIC = NO;
				GCC_NO_COMMON_BLOCKS = YES;
				GCC_OPTIMIZATION_LEVEL = 0;
				GCC_PREPROCESSOR_DEFINITIONS = (
					"DEBUG=1",
					"$(inherited)",
				);
				GCC_WARN_64_TO_32_BIT_CONVERSION = YES;
				GCC_WARN_ABOUT_RETURN_TYPE = YES_ERROR;
				GCC_WARN_UNDECLARED_SELECTOR = YES;
				GCC_WARN_UNINITIALIZED_AUTOS = YES_AGGRESSIVE;
				GCC_WARN_UNUSED_FUNCTION = YES;
				GCC_WARN_UNUSED_VARIABLE = YES;
				IPHONEOS_DEPLOYMENT_TARGET = 16.4;
				MTL_ENABLE_DEBUG_INFO = INCLUDE_SOURCE;
				MTL_FAST_MATH = YES;
				ONLY_ACTIVE_ARCH = YES;
				SDKROOT = iphoneos;
				SWIFT_ACTIVE_COMPILATION_CONDITIONS = DEBUG;
				SWIFT_OPTIMIZATION_LEVEL = "-Onone";
			};
			name = Debug;
		};
		08F3584B29F832F60058845D /* Release */ = {
			isa = XCBuildConfiguration;
			buildSettings = {
				ALWAYS_SEARCH_USER_PATHS = NO;
				CLANG_ANALYZER_NONNULL = YES;
				CLANG_ANALYZER_NUMBER_OBJECT_CONVERSION = YES_AGGRESSIVE;
				CLANG_CXX_LANGUAGE_STANDARD = "gnu++20";
				CLANG_ENABLE_MODULES = YES;
				CLANG_ENABLE_OBJC_ARC = YES;
				CLANG_ENABLE_OBJC_WEAK = YES;
				CLANG_WARN_BLOCK_CAPTURE_AUTORELEASING = YES;
				CLANG_WARN_BOOL_CONVERSION = YES;
				CLANG_WARN_COMMA = YES;
				CLANG_WARN_CONSTANT_CONVERSION = YES;
				CLANG_WARN_DEPRECATED_OBJC_IMPLEMENTATIONS = YES;
				CLANG_WARN_DIRECT_OBJC_ISA_USAGE = YES_ERROR;
				CLANG_WARN_DOCUMENTATION_COMMENTS = YES;
				CLANG_WARN_EMPTY_BODY = YES;
				CLANG_WARN_ENUM_CONVERSION = YES;
				CLANG_WARN_INFINITE_RECURSION = YES;
				CLANG_WARN_INT_CONVERSION = YES;
				CLANG_WARN_NON_LITERAL_NULL_CONVERSION = YES;
				CLANG_WARN_OBJC_IMPLICIT_RETAIN_SELF = YES;
				CLANG_WARN_OBJC_LITERAL_CONVERSION = YES;
				CLANG_WARN_OBJC_ROOT_CLASS = YES_ERROR;
				CLANG_WARN_QUOTED_INCLUDE_IN_FRAMEWORK_HEADER = YES;
				CLANG_WARN_RANGE_LOOP_ANALYSIS = YES;
				CLANG_WARN_STRICT_PROTOTYPES = YES;
				CLANG_WARN_SUSPICIOUS_MOVE = YES;
				CLANG_WARN_UNGUARDED_AVAILABILITY = YES_AGGRESSIVE;
				CLANG_WARN_UNREACHABLE_CODE = YES;
				CLANG_WARN__DUPLICATE_METHOD_MATCH = YES;
				COPY_PHASE_STRIP = NO;
				DEBUG_INFORMATION_FORMAT = "dwarf-with-dsym";
				ENABLE_NS_ASSERTIONS = NO;
				ENABLE_STRICT_OBJC_MSGSEND = YES;
				GCC_C_LANGUAGE_STANDARD = gnu11;
				GCC_NO_COMMON_BLOCKS = YES;
				GCC_WARN_64_TO_32_BIT_CONVERSION = YES;
				GCC_WARN_ABOUT_RETURN_TYPE = YES_ERROR;
				GCC_WARN_UNDECLARED_SELECTOR = YES;
				GCC_WARN_UNINITIALIZED_AUTOS = YES_AGGRESSIVE;
				GCC_WARN_UNUSED_FUNCTION = YES;
				GCC_WARN_UNUSED_VARIABLE = YES;
				IPHONEOS_DEPLOYMENT_TARGET = 16.4;
				MTL_ENABLE_DEBUG_INFO = NO;
				MTL_FAST_MATH = YES;
				SDKROOT = iphoneos;
				SWIFT_COMPILATION_MODE = wholemodule;
				SWIFT_OPTIMIZATION_LEVEL = "-O";
				VALIDATE_PRODUCT = YES;
			};
			name = Release;
		};
		08F3584D29F832F60058845D /* Debug */ = {
			isa = XCBuildConfiguration;
			buildSettings = {
				ASSETCATALOG_COMPILER_APPICON_NAME = AppIcon;
				ASSETCATALOG_COMPILER_GLOBAL_ACCENT_COLOR_NAME = AccentColor;
				CODE_SIGN_STYLE = Automatic;
				CURRENT_PROJECT_VERSION = 1;
				DEVELOPMENT_ASSET_PATHS = "\"GHFlwrs-SwiftUI/Preview Content\"";
				DEVELOPMENT_TEAM = Y7QY22UYMJ;
				ENABLE_PREVIEWS = YES;
				GENERATE_INFOPLIST_FILE = YES;
				INFOPLIST_KEY_UIApplicationSceneManifest_Generation = YES;
				INFOPLIST_KEY_UIApplicationSupportsIndirectInputEvents = YES;
				INFOPLIST_KEY_UILaunchScreen_Generation = YES;
				INFOPLIST_KEY_UISupportedInterfaceOrientations_iPad = "UIInterfaceOrientationPortrait UIInterfaceOrientationPortraitUpsideDown UIInterfaceOrientationLandscapeLeft UIInterfaceOrientationLandscapeRight";
				INFOPLIST_KEY_UISupportedInterfaceOrientations_iPhone = "UIInterfaceOrientationPortrait UIInterfaceOrientationLandscapeLeft UIInterfaceOrientationLandscapeRight";
				LD_RUNPATH_SEARCH_PATHS = (
					"$(inherited)",
					"@executable_path/Frameworks",
				);
				MARKETING_VERSION = 1.0;
				PRODUCT_BUNDLE_IDENTIFIER = "com.denys-triasunov.GHFlwrs-SwiftUI";
				PRODUCT_NAME = "$(TARGET_NAME)";
				SWIFT_EMIT_LOC_STRINGS = YES;
				SWIFT_VERSION = 5.0;
				TARGETED_DEVICE_FAMILY = "1,2";
			};
			name = Debug;
		};
		08F3584E29F832F60058845D /* Release */ = {
			isa = XCBuildConfiguration;
			buildSettings = {
				ASSETCATALOG_COMPILER_APPICON_NAME = AppIcon;
				ASSETCATALOG_COMPILER_GLOBAL_ACCENT_COLOR_NAME = AccentColor;
				CODE_SIGN_STYLE = Automatic;
				CURRENT_PROJECT_VERSION = 1;
				DEVELOPMENT_ASSET_PATHS = "\"GHFlwrs-SwiftUI/Preview Content\"";
				DEVELOPMENT_TEAM = Y7QY22UYMJ;
				ENABLE_PREVIEWS = YES;
				GENERATE_INFOPLIST_FILE = YES;
				INFOPLIST_KEY_UIApplicationSceneManifest_Generation = YES;
				INFOPLIST_KEY_UIApplicationSupportsIndirectInputEvents = YES;
				INFOPLIST_KEY_UILaunchScreen_Generation = YES;
				INFOPLIST_KEY_UISupportedInterfaceOrientations_iPad = "UIInterfaceOrientationPortrait UIInterfaceOrientationPortraitUpsideDown UIInterfaceOrientationLandscapeLeft UIInterfaceOrientationLandscapeRight";
				INFOPLIST_KEY_UISupportedInterfaceOrientations_iPhone = "UIInterfaceOrientationPortrait UIInterfaceOrientationLandscapeLeft UIInterfaceOrientationLandscapeRight";
				LD_RUNPATH_SEARCH_PATHS = (
					"$(inherited)",
					"@executable_path/Frameworks",
				);
				MARKETING_VERSION = 1.0;
				PRODUCT_BUNDLE_IDENTIFIER = "com.denys-triasunov.GHFlwrs-SwiftUI";
				PRODUCT_NAME = "$(TARGET_NAME)";
				SWIFT_EMIT_LOC_STRINGS = YES;
				SWIFT_VERSION = 5.0;
				TARGETED_DEVICE_FAMILY = "1,2";
			};
			name = Release;
		};
/* End XCBuildConfiguration section */

/* Begin XCConfigurationList section */
		08F3583929F832F40058845D /* Build configuration list for PBXProject "GHFlwrs-SwiftUI" */ = {
			isa = XCConfigurationList;
			buildConfigurations = (
				08F3584A29F832F60058845D /* Debug */,
				08F3584B29F832F60058845D /* Release */,
			);
			defaultConfigurationIsVisible = 0;
			defaultConfigurationName = Release;
		};
		08F3584C29F832F60058845D /* Build configuration list for PBXNativeTarget "GHFlwrs-SwiftUI" */ = {
			isa = XCConfigurationList;
			buildConfigurations = (
				08F3584D29F832F60058845D /* Debug */,
				08F3584E29F832F60058845D /* Release */,
			);
			defaultConfigurationIsVisible = 0;
			defaultConfigurationName = Release;
		};
/* End XCConfigurationList section */
	};
	rootObject = 08F3583629F832F40058845D /* Project object */;
}
